
Microsoft Visual Studio Solution File, Format Version 12.00
# Visual Studio 15
VisualStudioVersion = 15.0.28307.572
MinimumVisualStudioVersion = 10.0.40219.1
Project("{FAE04EC0-301F-11D3-BF4B-00C04F79EFBC}") = "zzzDeArchive", "zzzDeArchive\zzzDeArchive.csproj", "{D19BC5A5-D15E-46BB-94FB-7C4BE196D275}"
EndProject
Project("{FAE04EC0-301F-11D3-BF4B-00C04F79EFBC}") = "zzz", "zzz\zzz.csproj", "{B2E2802A-C6C8-4DD3-9BAC-5F8717B82B3E}"
EndProject
Project("{FAE04EC0-301F-11D3-BF4B-00C04F79EFBC}") = "Logger", "Logger\Logger.csproj", "{DBBDA1CB-61E1-4021-844C-C820270A929A}"
EndProject
Project("{FAE04EC0-301F-11D3-BF4B-00C04F79EFBC}") = "zzzDeArchive-WinForms", "zzzDeArchive-WinForms\zzzDeArchive-WinForms.csproj", "{AF32319A-47C8-4D1F-990D-1FA2D45EC709}"
EndProject
Project("{FAE04EC0-301F-11D3-BF4B-00C04F79EFBC}") = "HashTester", "HashTester\HashTester.csproj", "{B4218A16-EE43-423F-8CCF-6D1BC0A507E6}"
EndProject
Global
	GlobalSection(SolutionConfigurationPlatforms) = preSolution
		Debug|x64 = Debug|x64
		Debug|x86 = Debug|x86
		Release|x64 = Release|x64
		Release|x86 = Release|x86
	EndGlobalSection
	GlobalSection(ProjectConfigurationPlatforms) = postSolution
		{D19BC5A5-D15E-46BB-94FB-7C4BE196D275}.Debug|x64.ActiveCfg = Debug|x64
		{D19BC5A5-D15E-46BB-94FB-7C4BE196D275}.Debug|x64.Build.0 = Debug|x64
		{D19BC5A5-D15E-46BB-94FB-7C4BE196D275}.Debug|x86.ActiveCfg = Debug|x86
		{D19BC5A5-D15E-46BB-94FB-7C4BE196D275}.Debug|x86.Build.0 = Debug|x86
		{D19BC5A5-D15E-46BB-94FB-7C4BE196D275}.Release|x64.ActiveCfg = Release|x64
		{D19BC5A5-D15E-46BB-94FB-7C4BE196D275}.Release|x64.Build.0 = Release|x64
		{D19BC5A5-D15E-46BB-94FB-7C4BE196D275}.Release|x86.ActiveCfg = Release|x86
		{D19BC5A5-D15E-46BB-94FB-7C4BE196D275}.Release|x86.Build.0 = Release|x86
		{B2E2802A-C6C8-4DD3-9BAC-5F8717B82B3E}.Debug|x64.ActiveCfg = Debug|x64
		{B2E2802A-C6C8-4DD3-9BAC-5F8717B82B3E}.Debug|x64.Build.0 = Debug|x64
		{B2E2802A-C6C8-4DD3-9BAC-5F8717B82B3E}.Debug|x86.ActiveCfg = Debug|x86
		{B2E2802A-C6C8-4DD3-9BAC-5F8717B82B3E}.Debug|x86.Build.0 = Debug|x86
		{B2E2802A-C6C8-4DD3-9BAC-5F8717B82B3E}.Release|x64.ActiveCfg = Release|x64
		{B2E2802A-C6C8-4DD3-9BAC-5F8717B82B3E}.Release|x64.Build.0 = Release|x64
		{B2E2802A-C6C8-4DD3-9BAC-5F8717B82B3E}.Release|x86.ActiveCfg = Release|x86
		{B2E2802A-C6C8-4DD3-9BAC-5F8717B82B3E}.Release|x86.Build.0 = Release|x86
		{DBBDA1CB-61E1-4021-844C-C820270A929A}.Debug|x64.ActiveCfg = Debug|x64
		{DBBDA1CB-61E1-4021-844C-C820270A929A}.Debug|x64.Build.0 = Debug|x64
		{DBBDA1CB-61E1-4021-844C-C820270A929A}.Debug|x86.ActiveCfg = Debug|x86
		{DBBDA1CB-61E1-4021-844C-C820270A929A}.Debug|x86.Build.0 = Debug|x86
		{DBBDA1CB-61E1-4021-844C-C820270A929A}.Release|x64.ActiveCfg = Release|x64
		{DBBDA1CB-61E1-4021-844C-C820270A929A}.Release|x64.Build.0 = Release|x64
		{DBBDA1CB-61E1-4021-844C-C820270A929A}.Release|x86.ActiveCfg = Release|x86
		{DBBDA1CB-61E1-4021-844C-C820270A929A}.Release|x86.Build.0 = Release|x86
		{AF32319A-47C8-4D1F-990D-1FA2D45EC709}.Debug|x64.ActiveCfg = Debug|x64
		{AF32319A-47C8-4D1F-990D-1FA2D45EC709}.Debug|x64.Build.0 = Debug|x64
		{AF32319A-47C8-4D1F-990D-1FA2D45EC709}.Debug|x86.ActiveCfg = Debug|x86
		{AF32319A-47C8-4D1F-990D-1FA2D45EC709}.Debug|x86.Build.0 = Debug|x86
		{AF32319A-47C8-4D1F-990D-1FA2D45EC709}.Release|x64.ActiveCfg = Release|x64
		{AF32319A-47C8-4D1F-990D-1FA2D45EC709}.Release|x64.Build.0 = Release|x64
		{AF32319A-47C8-4D1F-990D-1FA2D45EC709}.Release|x86.ActiveCfg = Release|x86
		{AF32319A-47C8-4D1F-990D-1FA2D45EC709}.Release|x86.Build.0 = Release|x86
		{B4218A16-EE43-423F-8CCF-6D1BC0A507E6}.Debug|x64.ActiveCfg = Debug|x64
		{B4218A16-EE43-423F-8CCF-6D1BC0A507E6}.Debug|x64.Build.0 = Debug|x64
		{B4218A16-EE43-423F-8CCF-6D1BC0A507E6}.Debug|x86.ActiveCfg = Debug|x86
		{B4218A16-EE43-423F-8CCF-6D1BC0A507E6}.Debug|x86.Build.0 = Debug|x86
		{B4218A16-EE43-423F-8CCF-6D1BC0A507E6}.Release|x64.ActiveCfg = Release|x64
		{B4218A16-EE43-423F-8CCF-6D1BC0A507E6}.Release|x64.Build.0 = Release|x64
		{B4218A16-EE43-423F-8CCF-6D1BC0A507E6}.Release|x86.ActiveCfg = Release|x86
		{B4218A16-EE43-423F-8CCF-6D1BC0A507E6}.Release|x86.Build.0 = Release|x86
	EndGlobalSection
	GlobalSection(SolutionProperties) = preSolution
		HideSolutionNode = FALSE
	EndGlobalSection
	GlobalSection(ExtensibilityGlobals) = postSolution
		SolutionGuid = {7ADF3250-E9F7-4C09-BDDF-7825D33440D3}
	EndGlobalSection
EndGlobal
